
Microsoft Visual Studio Solution File, Format Version 12.00
# Visual Studio Version 17
VisualStudioVersion = 17.6.33829.357
MinimumVisualStudioVersion = 10.0.40219.1
Project("{FAE04EC0-301F-11D3-BF4B-00C04F79EFBC}") = "HomeWork6", "HomeWork6\HomeWork6.csproj", "{B75375B2-8FAE-4365-9002-6552B5C73AC7}"
EndProject
Global
	GlobalSection(SolutionConfigurationPlatforms) = preSolution
		Debug|Any CPU = Debug|Any CPU
		Release|Any CPU = Release|Any CPU
	EndGlobalSection
	GlobalSection(ProjectConfigurationPlatforms) = postSolution
		{B75375B2-8FAE-4365-9002-6552B5C73AC7}.Debug|Any CPU.ActiveCfg = Debug|Any CPU
		{B75375B2-8FAE-4365-9002-6552B5C73AC7}.Debug|Any CPU.Build.0 = Debug|Any CPU
		{B75375B2-8FAE-4365-9002-6552B5C73AC7}.Release|Any CPU.ActiveCfg = Release|Any CPU
		{B75375B2-8FAE-4365-9002-6552B5C73AC7}.Release|Any CPU.Build.0 = Release|Any CPU
	EndGlobalSection
	GlobalSection(SolutionProperties) = preSolution
		HideSolutionNode = FALSE
	EndGlobalSection
	GlobalSection(ExtensibilityGlobals) = postSolution
		SolutionGuid = {9CEE2D32-C78A-4DD6-8FC2-AD210119E38A}
	EndGlobalSection
EndGlobal
